
Microsoft Visual Studio Solution File, Format Version 12.00
# Visual Studio 15
VisualStudioVersion = 15.0.27428.2043
MinimumVisualStudioVersion = 10.0.40219.1
Project("{159641D6-6404-4A2A-AE62-294DE0FE8301}") = "Laboratorio 1", "Laboratorio 1\Laboratorio 1.dtproj", "{22CC46CB-F1BC-41D5-9FBF-66212C90DBBD}"
EndProject
Global
	GlobalSection(SolutionConfigurationPlatforms) = preSolution
		Development|Default = Development|Default
	EndGlobalSection
	GlobalSection(ProjectConfigurationPlatforms) = postSolution
		{22CC46CB-F1BC-41D5-9FBF-66212C90DBBD}.Development|Default.ActiveCfg = Development
		{22CC46CB-F1BC-41D5-9FBF-66212C90DBBD}.Development|Default.Build.0 = Development
	EndGlobalSection
	GlobalSection(SolutionProperties) = preSolution
		HideSolutionNode = FALSE
	EndGlobalSection
	GlobalSection(ExtensibilityGlobals) = postSolution
		SolutionGuid = {4506715C-EE6C-4EA5-B74F-A76EA4774749}
	EndGlobalSection
EndGlobal
