
Microsoft Visual Studio Solution File, Format Version 12.00
# Visual Studio 15
VisualStudioVersion = 15.0.27428.2043
MinimumVisualStudioVersion = 10.0.40219.1
Project("{159641D6-6404-4A2A-AE62-294DE0FE8301}") = "Laboratorio2", "Laboratorio2\Laboratorio2.dtproj", "{779CA46A-5201-4A8C-9699-F3140B5187E8}"
EndProject
Global
	GlobalSection(SolutionConfigurationPlatforms) = preSolution
		Development|Default = Development|Default
	EndGlobalSection
	GlobalSection(ProjectConfigurationPlatforms) = postSolution
		{779CA46A-5201-4A8C-9699-F3140B5187E8}.Development|Default.ActiveCfg = Development
		{779CA46A-5201-4A8C-9699-F3140B5187E8}.Development|Default.Build.0 = Development
	EndGlobalSection
	GlobalSection(SolutionProperties) = preSolution
		HideSolutionNode = FALSE
	EndGlobalSection
	GlobalSection(ExtensibilityGlobals) = postSolution
		SolutionGuid = {76619FCE-7F2A-42DF-98CD-C7B744C8E4BC}
	EndGlobalSection
EndGlobal
